
Microsoft Visual Studio Solution File, Format Version 12.00
# Visual Studio 15
VisualStudioVersion = 15.0.28307.779
MinimumVisualStudioVersion = 10.0.40219.1
Project("{FAE04EC0-301F-11D3-BF4B-00C04F79EFBC}") = "Rehber.DAL", "Rehber.DAL\Rehber.DAL.csproj", "{F452C55D-F845-42B3-8DF7-223530C58661}"
EndProject
Project("{FAE04EC0-301F-11D3-BF4B-00C04F79EFBC}") = "Rehber.BLL", "Rehber.BLL\Rehber.BLL.csproj", "{BFBF32FA-EAA0-4054-B9B4-35DF43BDB35F}"
EndProject
Project("{FAE04EC0-301F-11D3-BF4B-00C04F79EFBC}") = "Rehber.WinUI", "Rehber.WinUI\Rehber.WinUI.csproj", "{AA981CE5-7F3F-4FCD-A506-C94587ADC7CA}"
EndProject
Project("{2150E333-8FDC-42A3-9474-1A3956D46DE8}") = "Plugins", "Plugins", "{DFD60942-61D3-4476-A8DA-393C6FCD7EF0}"
EndProject
Project("{FAE04EC0-301F-11D3-BF4B-00C04F79EFBC}") = "Methods", "Methods\Methods.csproj", "{DE9502B2-6D3D-4EB3-82FE-A0373824AE6C}"
EndProject
Global
	GlobalSection(SolutionConfigurationPlatforms) = preSolution
		Debug|Any CPU = Debug|Any CPU
		Release|Any CPU = Release|Any CPU
	EndGlobalSection
	GlobalSection(ProjectConfigurationPlatforms) = postSolution
		{F452C55D-F845-42B3-8DF7-223530C58661}.Debug|Any CPU.ActiveCfg = Debug|Any CPU
		{F452C55D-F845-42B3-8DF7-223530C58661}.Debug|Any CPU.Build.0 = Debug|Any CPU
		{F452C55D-F845-42B3-8DF7-223530C58661}.Release|Any CPU.ActiveCfg = Release|Any CPU
		{F452C55D-F845-42B3-8DF7-223530C58661}.Release|Any CPU.Build.0 = Release|Any CPU
		{BFBF32FA-EAA0-4054-B9B4-35DF43BDB35F}.Debug|Any CPU.ActiveCfg = Debug|Any CPU
		{BFBF32FA-EAA0-4054-B9B4-35DF43BDB35F}.Debug|Any CPU.Build.0 = Debug|Any CPU
		{BFBF32FA-EAA0-4054-B9B4-35DF43BDB35F}.Release|Any CPU.ActiveCfg = Release|Any CPU
		{BFBF32FA-EAA0-4054-B9B4-35DF43BDB35F}.Release|Any CPU.Build.0 = Release|Any CPU
		{AA981CE5-7F3F-4FCD-A506-C94587ADC7CA}.Debug|Any CPU.ActiveCfg = Debug|Any CPU
		{AA981CE5-7F3F-4FCD-A506-C94587ADC7CA}.Debug|Any CPU.Build.0 = Debug|Any CPU
		{AA981CE5-7F3F-4FCD-A506-C94587ADC7CA}.Release|Any CPU.ActiveCfg = Release|Any CPU
		{AA981CE5-7F3F-4FCD-A506-C94587ADC7CA}.Release|Any CPU.Build.0 = Release|Any CPU
		{DE9502B2-6D3D-4EB3-82FE-A0373824AE6C}.Debug|Any CPU.ActiveCfg = Debug|Any CPU
		{DE9502B2-6D3D-4EB3-82FE-A0373824AE6C}.Debug|Any CPU.Build.0 = Debug|Any CPU
		{DE9502B2-6D3D-4EB3-82FE-A0373824AE6C}.Release|Any CPU.ActiveCfg = Release|Any CPU
		{DE9502B2-6D3D-4EB3-82FE-A0373824AE6C}.Release|Any CPU.Build.0 = Release|Any CPU
	EndGlobalSection
	GlobalSection(SolutionProperties) = preSolution
		HideSolutionNode = FALSE
	EndGlobalSection
	GlobalSection(NestedProjects) = preSolution
		{DE9502B2-6D3D-4EB3-82FE-A0373824AE6C} = {DFD60942-61D3-4476-A8DA-393C6FCD7EF0}
	EndGlobalSection
	GlobalSection(ExtensibilityGlobals) = postSolution
		SolutionGuid = {87468350-7894-4A51-A122-1CE7D984B811}
	EndGlobalSection
EndGlobal
